{
  "originHash" : "a0d372cef8b0997032bb7285786b45a2f3eb8f9cbac19ec8b7e31083193a573d",
  "pins" : [
    {
      "identity" : "cutility",
      "kind" : "remoteSourceControl",
      "location" : "https://github.com/kojirou1994/CUtility.git",
      "state" : {
        "branch" : "main",
        "revision" : "396a59883eeba52444c3b55063029443b465b3ac"
      }
    },
    {
      "identity" : "littlec",
      "kind" : "remoteSourceControl",
      "location" : "https://github.com/kojirou1994/LittleC.git",
      "state" : {
        "branch" : "main",
        "revision" : "ae874ae529a156e500384dc9fae9b544842ad2b0"
      }
    }
  ],
  "version" : 3
}
