{
  "originHash" : "b9239dc3fa2c64d5f48693452ef4b0feed269a0a72af0808b3636f7716737d93",
  "pins" : [
    {
      "identity" : "cutility",
      "kind" : "remoteSourceControl",
      "location" : "https://github.com/kojirou1994/CUtility.git",
      "state" : {
        "branch" : "main",
        "revision" : "396a59883eeba52444c3b55063029443b465b3ac"
      }
    },
    {
      "identity" : "littlec",
      "kind" : "remoteSourceControl",
      "location" : "https://github.com/kojirou1994/LittleC.git",
      "state" : {
        "branch" : "main",
        "revision" : "1aeec5ef8785832971567c43edf2fdbe5a05547d"
      }
    },
    {
      "identity" : "swift-system",
      "kind" : "remoteSourceControl",
      "location" : "https://github.com/apple/swift-system.git",
      "state" : {
        "revision" : "7c6ad0fc39d0763e0b699210e4124afd5041c5df",
        "version" : "1.6.4"
      }
    }
  ],
  "version" : 3
}
