{
  "originHash" : "ee6a47b36bfd5debf1c928421ab114f5dbdb544bfd5c4a7bbf8614239f0196eb",
  "pins" : [
    {
      "identity" : "cutility",
      "kind" : "remoteSourceControl",
      "location" : "https://github.com/kojirou1994/CUtility.git",
      "state" : {
        "branch" : "main",
        "revision" : "396a59883eeba52444c3b55063029443b465b3ac"
      }
    },
    {
      "identity" : "littlec",
      "kind" : "remoteSourceControl",
      "location" : "https://github.com/kojirou1994/LittleC.git",
      "state" : {
        "branch" : "main",
        "revision" : "ae874ae529a156e500384dc9fae9b544842ad2b0"
      }
    },
    {
      "identity" : "swift-system",
      "kind" : "remoteSourceControl",
      "location" : "https://github.com/apple/swift-system.git",
      "state" : {
        "revision" : "395a77f0aa927f0ff73941d7ac35f2b46d47c9db",
        "version" : "1.6.3"
      }
    }
  ],
  "version" : 3
}
